
Microsoft Visual Studio Solution File, Format Version 12.00
# Visual Studio Version 17
VisualStudioVersion = 17.3.32922.545
MinimumVisualStudioVersion = 10.0.40219.1
Project("{9A19103F-16F7-4668-BE54-9A1E7A4F7556}") = "E-commerce store(new)", "E-commerce store(new)\E-commerce store(new).csproj", "{538634D6-2640-40B4-B2EA-85C71306829F}"
EndProject
Global
	GlobalSection(SolutionConfigurationPlatforms) = preSolution
		Debug|Any CPU = Debug|Any CPU
		Release|Any CPU = Release|Any CPU
	EndGlobalSection
	GlobalSection(ProjectConfigurationPlatforms) = postSolution
		{538634D6-2640-40B4-B2EA-85C71306829F}.Debug|Any CPU.ActiveCfg = Debug|Any CPU
		{538634D6-2640-40B4-B2EA-85C71306829F}.Debug|Any CPU.Build.0 = Debug|Any CPU
		{538634D6-2640-40B4-B2EA-85C71306829F}.Release|Any CPU.ActiveCfg = Release|Any CPU
		{538634D6-2640-40B4-B2EA-85C71306829F}.Release|Any CPU.Build.0 = Release|Any CPU
	EndGlobalSection
	GlobalSection(SolutionProperties) = preSolution
		HideSolutionNode = FALSE
	EndGlobalSection
	GlobalSection(ExtensibilityGlobals) = postSolution
		SolutionGuid = {CB6B6D9A-7685-45BB-88EF-4FCD62161F9E}
	EndGlobalSection
EndGlobal
